// !$*UTF8*$!
{
	archiveVersion = 1;
	classes = {
	};
	objectVersion = 50;
	objects = {

/* Begin PBXBuildFile section */
		461C7E7528E7C9D628D9CB6A /* Pods_FirestorePractice.framework in Frameworks */ = {isa = PBXBuildFile; fileRef = 46EF7E8E960BB1D8AC211709 /* Pods_FirestorePractice.framework */; };
		AF1089822243FB68002E76EE /* LoginVC.swift in Sources */ = {isa = PBXBuildFile; fileRef = AF1089812243FB68002E76EE /* LoginVC.swift */; };
		AF1089842243FE9E002E76EE /* CreateUserVC.swift in Sources */ = {isa = PBXBuildFile; fileRef = AF1089832243FE9E002E76EE /* CreateUserVC.swift */; };
		AF1606E32240911300289AEA /* AppDelegate.swift in Sources */ = {isa = PBXBuildFile; fileRef = AF1606E22240911300289AEA /* AppDelegate.swift */; };
		AF1606E52240911300289AEA /* MainVC.swift in Sources */ = {isa = PBXBuildFile; fileRef = AF1606E42240911300289AEA /* MainVC.swift */; };
		AF1606E82240911300289AEA /* Main.storyboard in Resources */ = {isa = PBXBuildFile; fileRef = AF1606E62240911300289AEA /* Main.storyboard */; };
		AF1606EA2240911400289AEA /* Assets.xcassets in Resources */ = {isa = PBXBuildFile; fileRef = AF1606E92240911400289AEA /* Assets.xcassets */; };
		AF1606ED2240911400289AEA /* LaunchScreen.storyboard in Resources */ = {isa = PBXBuildFile; fileRef = AF1606EB2240911400289AEA /* LaunchScreen.storyboard */; };
		AF1606F52240A69000289AEA /* GoogleService-Info.plist in Resources */ = {isa = PBXBuildFile; fileRef = AF1606F42240A69000289AEA /* GoogleService-Info.plist */; };
		AF1606F72240B93500289AEA /* AddThoughtVC.swift in Sources */ = {isa = PBXBuildFile; fileRef = AF1606F62240B93500289AEA /* AddThoughtVC.swift */; };
		AF1606FD2240DF6400289AEA /* Constants.swift in Sources */ = {isa = PBXBuildFile; fileRef = AF1606FC2240DF6400289AEA /* Constants.swift */; };
		AF7495FC2246F196006324D0 /* CommentsVC.swift in Sources */ = {isa = PBXBuildFile; fileRef = AF7495FB2246F196006324D0 /* CommentsVC.swift */; };
		AF7495FE2246F7AF006324D0 /* CommentCell.swift in Sources */ = {isa = PBXBuildFile; fileRef = AF7495FD2246F7AF006324D0 /* CommentCell.swift */; };
		AF749600224715A7006324D0 /* Comment.swift in Sources */ = {isa = PBXBuildFile; fileRef = AF7495FF224715A7006324D0 /* Comment.swift */; };
		AFA2AB2422429CA200D11439 /* Thought.swift in Sources */ = {isa = PBXBuildFile; fileRef = AFA2AB2322429CA200D11439 /* Thought.swift */; };
		AFA2AB2622429F2B00D11439 /* ThoughtCell.swift in Sources */ = {isa = PBXBuildFile; fileRef = AFA2AB2522429F2B00D11439 /* ThoughtCell.swift */; };
/* End PBXBuildFile section */

/* Begin PBXFileReference section */
		46EF7E8E960BB1D8AC211709 /* Pods_FirestorePractice.framework */ = {isa = PBXFileReference; explicitFileType = wrapper.framework; includeInIndex = 0; path = Pods_FirestorePractice.framework; sourceTree = BUILT_PRODUCTS_DIR; };
		6AE1ECB24BED1885E138C43A /* Pods-FirestorePractice.debug.xcconfig */ = {isa = PBXFileReference; includeInIndex = 1; lastKnownFileType = text.xcconfig; name = "Pods-FirestorePractice.debug.xcconfig"; path = "Target Support Files/Pods-FirestorePractice/Pods-FirestorePractice.debug.xcconfig"; sourceTree = "<group>"; };
		834BA7E1B1FB65AB93CFB87B /* Pods-FirestorePractice.release.xcconfig */ = {isa = PBXFileReference; includeInIndex = 1; lastKnownFileType = text.xcconfig; name = "Pods-FirestorePractice.release.xcconfig"; path = "Target Support Files/Pods-FirestorePractice/Pods-FirestorePractice.release.xcconfig"; sourceTree = "<group>"; };
		AF1089812243FB68002E76EE /* LoginVC.swift */ = {isa = PBXFileReference; lastKnownFileType = sourcecode.swift; path = LoginVC.swift; sourceTree = "<group>"; };
		AF1089832243FE9E002E76EE /* CreateUserVC.swift */ = {isa = PBXFileReference; lastKnownFileType = sourcecode.swift; path = CreateUserVC.swift; sourceTree = "<group>"; };
		AF1606DF2240911300289AEA /* FirestorePractice.app */ = {isa = PBXFileReference; explicitFileType = wrapper.application; includeInIndex = 0; path = FirestorePractice.app; sourceTree = BUILT_PRODUCTS_DIR; };
		AF1606E22240911300289AEA /* AppDelegate.swift */ = {isa = PBXFileReference; lastKnownFileType = sourcecode.swift; path = AppDelegate.swift; sourceTree = "<group>"; };
		AF1606E42240911300289AEA /* MainVC.swift */ = {isa = PBXFileReference; lastKnownFileType = sourcecode.swift; path = MainVC.swift; sourceTree = "<group>"; };
		AF1606E72240911300289AEA /* Base */ = {isa = PBXFileReference; lastKnownFileType = file.storyboard; name = Base; path = Base.lproj/Main.storyboard; sourceTree = "<group>"; };
		AF1606E92240911400289AEA /* Assets.xcassets */ = {isa = PBXFileReference; lastKnownFileType = folder.assetcatalog; path = Assets.xcassets; sourceTree = "<group>"; };
		AF1606EC2240911400289AEA /* Base */ = {isa = PBXFileReference; lastKnownFileType = file.storyboard; name = Base; path = Base.lproj/LaunchScreen.storyboard; sourceTree = "<group>"; };
		AF1606EE2240911400289AEA /* Info.plist */ = {isa = PBXFileReference; lastKnownFileType = text.plist.xml; path = Info.plist; sourceTree = "<group>"; };
		AF1606F42240A69000289AEA /* GoogleService-Info.plist */ = {isa = PBXFileReference; fileEncoding = 4; lastKnownFileType = text.plist.xml; path = "GoogleService-Info.plist"; sourceTree = "<group>"; };
		AF1606F62240B93500289AEA /* AddThoughtVC.swift */ = {isa = PBXFileReference; lastKnownFileType = sourcecode.swift; path = AddThoughtVC.swift; sourceTree = "<group>"; };
		AF1606FC2240DF6400289AEA /* Constants.swift */ = {isa = PBXFileReference; lastKnownFileType = sourcecode.swift; path = Constants.swift; sourceTree = "<group>"; };
		AF7495FB2246F196006324D0 /* CommentsVC.swift */ = {isa = PBXFileReference; lastKnownFileType = sourcecode.swift; path = CommentsVC.swift; sourceTree = "<group>"; };
		AF7495FD2246F7AF006324D0 /* CommentCell.swift */ = {isa = PBXFileReference; lastKnownFileType = sourcecode.swift; path = CommentCell.swift; sourceTree = "<group>"; };
		AF7495FF224715A7006324D0 /* Comment.swift */ = {isa = PBXFileReference; lastKnownFileType = sourcecode.swift; path = Comment.swift; sourceTree = "<group>"; };
		AFA2AB2322429CA200D11439 /* Thought.swift */ = {isa = PBXFileReference; lastKnownFileType = sourcecode.swift; path = Thought.swift; sourceTree = "<group>"; };
		AFA2AB2522429F2B00D11439 /* ThoughtCell.swift */ = {isa = PBXFileReference; lastKnownFileType = sourcecode.swift; path = ThoughtCell.swift; sourceTree = "<group>"; };
/* End PBXFileReference section */

/* Begin PBXFrameworksBuildPhase section */
		AF1606DC2240911300289AEA /* Frameworks */ = {
			isa = PBXFrameworksBuildPhase;
			buildActionMask = 2147483647;
			files = (
				461C7E7528E7C9D628D9CB6A /* Pods_FirestorePractice.framework in Frameworks */,
			);
			runOnlyForDeploymentPostprocessing = 0;
		};
/* End PBXFrameworksBuildPhase section */

/* Begin PBXGroup section */
		59E8AAD2C09309D7062BFE70 /* Pods */ = {
			isa = PBXGroup;
			children = (
				6AE1ECB24BED1885E138C43A /* Pods-FirestorePractice.debug.xcconfig */,
				834BA7E1B1FB65AB93CFB87B /* Pods-FirestorePractice.release.xcconfig */,
			);
			path = Pods;
			sourceTree = "<group>";
		};
		8133F19991CAFD4413D12574 /* Frameworks */ = {
			isa = PBXGroup;
			children = (
				46EF7E8E960BB1D8AC211709 /* Pods_FirestorePractice.framework */,
			);
			name = Frameworks;
			sourceTree = "<group>";
		};
		AF1606D62240911300289AEA = {
			isa = PBXGroup;
			children = (
				AF1606E12240911300289AEA /* FirestorePractice */,
				AF1606E02240911300289AEA /* Products */,
				59E8AAD2C09309D7062BFE70 /* Pods */,
				8133F19991CAFD4413D12574 /* Frameworks */,
			);
			sourceTree = "<group>";
		};
		AF1606E02240911300289AEA /* Products */ = {
			isa = PBXGroup;
			children = (
				AF1606DF2240911300289AEA /* FirestorePractice.app */,
			);
			name = Products;
			sourceTree = "<group>";
		};
		AF1606E12240911300289AEA /* FirestorePractice */ = {
			isa = PBXGroup;
			children = (
				AF1606FB2240DF1D00289AEA /* Uitillities */,
				AF1606FA2240B96300289AEA /* Model */,
				AF1606F92240B95700289AEA /* View */,
				AF1606F82240B94200289AEA /* Controller */,
				AF1606E22240911300289AEA /* AppDelegate.swift */,
				AF1606E62240911300289AEA /* Main.storyboard */,
				AF1606E92240911400289AEA /* Assets.xcassets */,
				AF1606EB2240911400289AEA /* LaunchScreen.storyboard */,
				AF1606EE2240911400289AEA /* Info.plist */,
				AF1606F42240A69000289AEA /* GoogleService-Info.plist */,
			);
			path = FirestorePractice;
			sourceTree = "<group>";
		};
		AF1606F82240B94200289AEA /* Controller */ = {
			isa = PBXGroup;
			children = (
				AF1606E42240911300289AEA /* MainVC.swift */,
				AF1606F62240B93500289AEA /* AddThoughtVC.swift */,
				AF1089812243FB68002E76EE /* LoginVC.swift */,
				AF1089832243FE9E002E76EE /* CreateUserVC.swift */,
				AF7495FB2246F196006324D0 /* CommentsVC.swift */,
			);
			path = Controller;
			sourceTree = "<group>";
		};
		AF1606F92240B95700289AEA /* View */ = {
			isa = PBXGroup;
			children = (
				AFA2AB2522429F2B00D11439 /* ThoughtCell.swift */,
				AF7495FD2246F7AF006324D0 /* CommentCell.swift */,
			);
			path = View;
			sourceTree = "<group>";
		};
		AF1606FA2240B96300289AEA /* Model */ = {
			isa = PBXGroup;
			children = (
				AFA2AB2322429CA200D11439 /* Thought.swift */,
				AF7495FF224715A7006324D0 /* Comment.swift */,
			);
			path = Model;
			sourceTree = "<group>";
		};
		AF1606FB2240DF1D00289AEA /* Uitillities */ = {
			isa = PBXGroup;
			children = (
				AF1606FC2240DF6400289AEA /* Constants.swift */,
			);
			path = Uitillities;
			sourceTree = "<group>";
		};
/* End PBXGroup section */

/* Begin PBXNativeTarget section */
		AF1606DE2240911300289AEA /* FirestorePractice */ = {
			isa = PBXNativeTarget;
			buildConfigurationList = AF1606F12240911400289AEA /* Build configuration list for PBXNativeTarget "FirestorePractice" */;
			buildPhases = (
				611D4E94923907369E913F6D /* [CP] Check Pods Manifest.lock */,
				AF1606DB2240911300289AEA /* Sources */,
				AF1606DC2240911300289AEA /* Frameworks */,
				AF1606DD2240911300289AEA /* Resources */,
				355AE67D1B1477431FEF9CA3 /* [CP] Embed Pods Frameworks */,
			);
			buildRules = (
			);
			dependencies = (
			);
			name = FirestorePractice;
			productName = FirestorePractice;
			productReference = AF1606DF2240911300289AEA /* FirestorePractice.app */;
			productType = "com.apple.product-type.application";
		};
/* End PBXNativeTarget section */

/* Begin PBXProject section */
		AF1606D72240911300289AEA /* Project object */ = {
			isa = PBXProject;
			attributes = {
				LastSwiftUpdateCheck = 1010;
				LastUpgradeCheck = 1010;
				ORGANIZATIONNAME = "Bernard Hur";
				TargetAttributes = {
					AF1606DE2240911300289AEA = {
						CreatedOnToolsVersion = 10.1;
					};
				};
			};
			buildConfigurationList = AF1606DA2240911300289AEA /* Build configuration list for PBXProject "FirestorePractice" */;
			compatibilityVersion = "Xcode 9.3";
			developmentRegion = en;
			hasScannedForEncodings = 0;
			knownRegions = (
				en,
				Base,
			);
			mainGroup = AF1606D62240911300289AEA;
			productRefGroup = AF1606E02240911300289AEA /* Products */;
			projectDirPath = "";
			projectRoot = "";
			targets = (
				AF1606DE2240911300289AEA /* FirestorePractice */,
			);
		};
/* End PBXProject section */

/* Begin PBXResourcesBuildPhase section */
		AF1606DD2240911300289AEA /* Resources */ = {
			isa = PBXResourcesBuildPhase;
			buildActionMask = 2147483647;
			files = (
				AF1606ED2240911400289AEA /* LaunchScreen.storyboard in Resources */,
				AF1606F52240A69000289AEA /* GoogleService-Info.plist in Resources */,
				AF1606EA2240911400289AEA /* Assets.xcassets in Resources */,
				AF1606E82240911300289AEA /* Main.storyboard in Resources */,
			);
			runOnlyForDeploymentPostprocessing = 0;
		};
/* End PBXResourcesBuildPhase section */

/* Begin PBXShellScriptBuildPhase section */
		355AE67D1B1477431FEF9CA3 /* [CP] Embed Pods Frameworks */ = {
			isa = PBXShellScriptBuildPhase;
			buildActionMask = 2147483647;
			files = (
			);
			inputFileListPaths = (
			);
			inputPaths = (
				"${PODS_ROOT}/Target Support Files/Pods-FirestorePractice/Pods-FirestorePractice-frameworks.sh",
				"${BUILT_PRODUCTS_DIR}/BoringSSL-GRPC/openssl_grpc.framework",
				"${BUILT_PRODUCTS_DIR}/GTMSessionFetcher/GTMSessionFetcher.framework",
				"${BUILT_PRODUCTS_DIR}/GoogleUtilities/GoogleUtilities.framework",
				"${BUILT_PRODUCTS_DIR}/Protobuf/Protobuf.framework",
				"${BUILT_PRODUCTS_DIR}/gRPC-C++/grpcpp.framework",
				"${BUILT_PRODUCTS_DIR}/gRPC-Core/grpc.framework",
				"${BUILT_PRODUCTS_DIR}/leveldb-library/leveldb.framework",
				"${BUILT_PRODUCTS_DIR}/nanopb/nanopb.framework",
			);
			name = "[CP] Embed Pods Frameworks";
			outputFileListPaths = (
			);
			outputPaths = (
				"${TARGET_BUILD_DIR}/${FRAMEWORKS_FOLDER_PATH}/openssl_grpc.framework",
				"${TARGET_BUILD_DIR}/${FRAMEWORKS_FOLDER_PATH}/GTMSessionFetcher.framework",
				"${TARGET_BUILD_DIR}/${FRAMEWORKS_FOLDER_PATH}/GoogleUtilities.framework",
				"${TARGET_BUILD_DIR}/${FRAMEWORKS_FOLDER_PATH}/Protobuf.framework",
				"${TARGET_BUILD_DIR}/${FRAMEWORKS_FOLDER_PATH}/grpcpp.framework",
				"${TARGET_BUILD_DIR}/${FRAMEWORKS_FOLDER_PATH}/grpc.framework",
				"${TARGET_BUILD_DIR}/${FRAMEWORKS_FOLDER_PATH}/leveldb.framework",
				"${TARGET_BUILD_DIR}/${FRAMEWORKS_FOLDER_PATH}/nanopb.framework",
			);
			runOnlyForDeploymentPostprocessing = 0;
			shellPath = /bin/sh;
			shellScript = "\"${PODS_ROOT}/Target Support Files/Pods-FirestorePractice/Pods-FirestorePractice-frameworks.sh\"\n";
			showEnvVarsInLog = 0;
		};
		611D4E94923907369E913F6D /* [CP] Check Pods Manifest.lock */ = {
			isa = PBXShellScriptBuildPhase;
			buildActionMask = 2147483647;
			files = (
			);
			inputFileListPaths = (
			);
			inputPaths = (
				"${PODS_PODFILE_DIR_PATH}/Podfile.lock",
				"${PODS_ROOT}/Manifest.lock",
			);
			name = "[CP] Check Pods Manifest.lock";
			outputFileListPaths = (
			);
			outputPaths = (
				"$(DERIVED_FILE_DIR)/Pods-FirestorePractice-checkManifestLockResult.txt",
			);
			runOnlyForDeploymentPostprocessing = 0;
			shellPath = /bin/sh;
			shellScript = "diff \"${PODS_PODFILE_DIR_PATH}/Podfile.lock\" \"${PODS_ROOT}/Manifest.lock\" > /dev/null\nif [ $? != 0 ] ; then\n    # print error to STDERR\n    echo \"error: The sandbox is not in sync with the Podfile.lock. Run 'pod install' or update your CocoaPods installation.\" >&2\n    exit 1\nfi\n# This output is used by Xcode 'outputs' to avoid re-running this script phase.\necho \"SUCCESS\" > \"${SCRIPT_OUTPUT_FILE_0}\"\n";
			showEnvVarsInLog = 0;
		};
/* End PBXShellScriptBuildPhase section */

/* Begin PBXSourcesBuildPhase section */
		AF1606DB2240911300289AEA /* Sources */ = {
			isa = PBXSourcesBuildPhase;
			buildActionMask = 2147483647;
			files = (
				AF1606F72240B93500289AEA /* AddThoughtVC.swift in Sources */,
				AF1089842243FE9E002E76EE /* CreateUserVC.swift in Sources */,
				AFA2AB2422429CA200D11439 /* Thought.swift in Sources */,
				AF1089822243FB68002E76EE /* LoginVC.swift in Sources */,
				AF1606E52240911300289AEA /* MainVC.swift in Sources */,
				AF7495FE2246F7AF006324D0 /* CommentCell.swift in Sources */,
				AFA2AB2622429F2B00D11439 /* ThoughtCell.swift in Sources */,
				AF1606E32240911300289AEA /* AppDelegate.swift in Sources */,
				AF1606FD2240DF6400289AEA /* Constants.swift in Sources */,
				AF749600224715A7006324D0 /* Comment.swift in Sources */,
				AF7495FC2246F196006324D0 /* CommentsVC.swift in Sources */,
			);
			runOnlyForDeploymentPostprocessing = 0;
		};
/* End PBXSourcesBuildPhase section */

/* Begin PBXVariantGroup section */
		AF1606E62240911300289AEA /* Main.storyboard */ = {
			isa = PBXVariantGroup;
			children = (
				AF1606E72240911300289AEA /* Base */,
			);
			name = Main.storyboard;
			sourceTree = "<group>";
		};
		AF1606EB2240911400289AEA /* LaunchScreen.storyboard */ = {
			isa = PBXVariantGroup;
			children = (
				AF1606EC2240911400289AEA /* Base */,
			);
			name = LaunchScreen.storyboard;
			sourceTree = "<group>";
		};
/* End PBXVariantGroup section */

/* Begin XCBuildConfiguration section */
		AF1606EF2240911400289AEA /* Debug */ = {
			isa = XCBuildConfiguration;
			buildSettings = {
				ALWAYS_SEARCH_USER_PATHS = NO;
				CLANG_ANALYZER_NONNULL = YES;
				CLANG_ANALYZER_NUMBER_OBJECT_CONVERSION = YES_AGGRESSIVE;
				CLANG_CXX_LANGUAGE_STANDARD = "gnu++14";
				CLANG_CXX_LIBRARY = "libc++";
				CLANG_ENABLE_MODULES = YES;
				CLANG_ENABLE_OBJC_ARC = YES;
				CLANG_ENABLE_OBJC_WEAK = YES;
				CLANG_WARN_BLOCK_CAPTURE_AUTORELEASING = YES;
				CLANG_WARN_BOOL_CONVERSION = YES;
				CLANG_WARN_COMMA = YES;
				CLANG_WARN_CONSTANT_CONVERSION = YES;
				CLANG_WARN_DEPRECATED_OBJC_IMPLEMENTATIONS = YES;
				CLANG_WARN_DIRECT_OBJC_ISA_USAGE = YES_ERROR;
				CLANG_WARN_DOCUMENTATION_COMMENTS = YES;
				CLANG_WARN_EMPTY_BODY = YES;
				CLANG_WARN_ENUM_CONVERSION = YES;
				CLANG_WARN_INFINITE_RECURSION = YES;
				CLANG_WARN_INT_CONVERSION = YES;
				CLANG_WARN_NON_LITERAL_NULL_CONVERSION = YES;
				CLANG_WARN_OBJC_IMPLICIT_RETAIN_SELF = YES;
				CLANG_WARN_OBJC_LITERAL_CONVERSION = YES;
				CLANG_WARN_OBJC_ROOT_CLASS = YES_ERROR;
				CLANG_WARN_RANGE_LOOP_ANALYSIS = YES;
				CLANG_WARN_STRICT_PROTOTYPES = YES;
				CLANG_WARN_SUSPICIOUS_MOVE = YES;
				CLANG_WARN_UNGUARDED_AVAILABILITY = YES_AGGRESSIVE;
				CLANG_WARN_UNREACHABLE_CODE = YES;
				CLANG_WARN__DUPLICATE_METHOD_MATCH = YES;
				CODE_SIGN_IDENTITY = "iPhone Developer";
				COPY_PHASE_STRIP = NO;
				DEBUG_INFORMATION_FORMAT = dwarf;
				ENABLE_STRICT_OBJC_MSGSEND = YES;
				ENABLE_TESTABILITY = YES;
				GCC_C_LANGUAGE_STANDARD = gnu11;
				GCC_DYNAMIC_NO_PIC = NO;
				GCC_NO_COMMON_BLOCKS = YES;
				GCC_OPTIMIZATION_LEVEL = 0;
				GCC_PREPROCESSOR_DEFINITIONS = (
					"DEBUG=1",
					"$(inherited)",
				);
				GCC_WARN_64_TO_32_BIT_CONVERSION = YES;
				GCC_WARN_ABOUT_RETURN_TYPE = YES_ERROR;
				GCC_WARN_UNDECLARED_SELECTOR = YES;
				GCC_WARN_UNINITIALIZED_AUTOS = YES_AGGRESSIVE;
				GCC_WARN_UNUSED_FUNCTION = YES;
				GCC_WARN_UNUSED_VARIABLE = YES;
				IPHONEOS_DEPLOYMENT_TARGET = 12.1;
				MTL_ENABLE_DEBUG_INFO = INCLUDE_SOURCE;
				MTL_FAST_MATH = YES;
				ONLY_ACTIVE_ARCH = YES;
				SDKROOT = iphoneos;
				SWIFT_ACTIVE_COMPILATION_CONDITIONS = DEBUG;
				SWIFT_OPTIMIZATION_LEVEL = "-Onone";
			};
			name = Debug;
		};
		AF1606F02240911400289AEA /* Release */ = {
			isa = XCBuildConfiguration;
			buildSettings = {
				ALWAYS_SEARCH_USER_PATHS = NO;
				CLANG_ANALYZER_NONNULL = YES;
				CLANG_ANALYZER_NUMBER_OBJECT_CONVERSION = YES_AGGRESSIVE;
				CLANG_CXX_LANGUAGE_STANDARD = "gnu++14";
				CLANG_CXX_LIBRARY = "libc++";
				CLANG_ENABLE_MODULES = YES;
				CLANG_ENABLE_OBJC_ARC = YES;
				CLANG_ENABLE_OBJC_WEAK = YES;
				CLANG_WARN_BLOCK_CAPTURE_AUTORELEASING = YES;
				CLANG_WARN_BOOL_CONVERSION = YES;
				CLANG_WARN_COMMA = YES;
				CLANG_WARN_CONSTANT_CONVERSION = YES;
				CLANG_WARN_DEPRECATED_OBJC_IMPLEMENTATIONS = YES;
				CLANG_WARN_DIRECT_OBJC_ISA_USAGE = YES_ERROR;
				CLANG_WARN_DOCUMENTATION_COMMENTS = YES;
				CLANG_WARN_EMPTY_BODY = YES;
				CLANG_WARN_ENUM_CONVERSION = YES;
				CLANG_WARN_INFINITE_RECURSION = YES;
				CLANG_WARN_INT_CONVERSION = YES;
				CLANG_WARN_NON_LITERAL_NULL_CONVERSION = YES;
				CLANG_WARN_OBJC_IMPLICIT_RETAIN_SELF = YES;
				CLANG_WARN_OBJC_LITERAL_CONVERSION = YES;
				CLANG_WARN_OBJC_ROOT_CLASS = YES_ERROR;
				CLANG_WARN_RANGE_LOOP_ANALYSIS = YES;
				CLANG_WARN_STRICT_PROTOTYPES = YES;
				CLANG_WARN_SUSPICIOUS_MOVE = YES;
				CLANG_WARN_UNGUARDED_AVAILABILITY = YES_AGGRESSIVE;
				CLANG_WARN_UNREACHABLE_CODE = YES;
				CLANG_WARN__DUPLICATE_METHOD_MATCH = YES;
				CODE_SIGN_IDENTITY = "iPhone Developer";
				COPY_PHASE_STRIP = NO;
				DEBUG_INFORMATION_FORMAT = "dwarf-with-dsym";
				ENABLE_NS_ASSERTIONS = NO;
				ENABLE_STRICT_OBJC_MSGSEND = YES;
				GCC_C_LANGUAGE_STANDARD = gnu11;
				GCC_NO_COMMON_BLOCKS = YES;
				GCC_WARN_64_TO_32_BIT_CONVERSION = YES;
				GCC_WARN_ABOUT_RETURN_TYPE = YES_ERROR;
				GCC_WARN_UNDECLARED_SELECTOR = YES;
				GCC_WARN_UNINITIALIZED_AUTOS = YES_AGGRESSIVE;
				GCC_WARN_UNUSED_FUNCTION = YES;
				GCC_WARN_UNUSED_VARIABLE = YES;
				IPHONEOS_DEPLOYMENT_TARGET = 12.1;
				MTL_ENABLE_DEBUG_INFO = NO;
				MTL_FAST_MATH = YES;
				SDKROOT = iphoneos;
				SWIFT_COMPILATION_MODE = wholemodule;
				SWIFT_OPTIMIZATION_LEVEL = "-O";
				VALIDATE_PRODUCT = YES;
			};
			name = Release;
		};
		AF1606F22240911400289AEA /* Debug */ = {
			isa = XCBuildConfiguration;
			baseConfigurationReference = 6AE1ECB24BED1885E138C43A /* Pods-FirestorePractice.debug.xcconfig */;
			buildSettings = {
				ASSETCATALOG_COMPILER_APPICON_NAME = AppIcon;
				CODE_SIGN_STYLE = Automatic;
				DEVELOPMENT_TEAM = G4MM77V7NH;
				INFOPLIST_FILE = FirestorePractice/Info.plist;
				LD_RUNPATH_SEARCH_PATHS = (
					"$(inherited)",
					"@executable_path/Frameworks",
				);
				PRODUCT_BUNDLE_IDENTIFIER = kr.BenHur.project.FirestorePractice;
				PRODUCT_NAME = "$(TARGET_NAME)";
				SWIFT_VERSION = 4.2;
				TARGETED_DEVICE_FAMILY = 1;
			};
			name = Debug;
		};
		AF1606F32240911400289AEA /* Release */ = {
			isa = XCBuildConfiguration;
			baseConfigurationReference = 834BA7E1B1FB65AB93CFB87B /* Pods-FirestorePractice.release.xcconfig */;
			buildSettings = {
				ASSETCATALOG_COMPILER_APPICON_NAME = AppIcon;
				CODE_SIGN_STYLE = Automatic;
				DEVELOPMENT_TEAM = G4MM77V7NH;
				INFOPLIST_FILE = FirestorePractice/Info.plist;
				LD_RUNPATH_SEARCH_PATHS = (
					"$(inherited)",
					"@executable_path/Frameworks",
				);
				PRODUCT_BUNDLE_IDENTIFIER = kr.BenHur.project.FirestorePractice;
				PRODUCT_NAME = "$(TARGET_NAME)";
				SWIFT_VERSION = 4.2;
				TARGETED_DEVICE_FAMILY = 1;
			};
			name = Release;
		};
/* End XCBuildConfiguration section */

/* Begin XCConfigurationList section */
		AF1606DA2240911300289AEA /* Build configuration list for PBXProject "FirestorePractice" */ = {
			isa = XCConfigurationList;
			buildConfigurations = (
				AF1606EF2240911400289AEA /* Debug */,
				AF1606F02240911400289AEA /* Release */,
			);
			defaultConfigurationIsVisible = 0;
			defaultConfigurationName = Release;
		};
		AF1606F12240911400289AEA /* Build configuration list for PBXNativeTarget "FirestorePractice" */ = {
			isa = XCConfigurationList;
			buildConfigurations = (
				AF1606F22240911400289AEA /* Debug */,
				AF1606F32240911400289AEA /* Release */,
			);
			defaultConfigurationIsVisible = 0;
			defaultConfigurationName = Release;
		};
/* End XCConfigurationList section */
	};
	rootObject = AF1606D72240911300289AEA /* Project object */;
}
